
Microsoft Visual Studio Solution File, Format Version 12.00
# Visual Studio Version 17
VisualStudioVersion = 17.5.33530.505
MinimumVisualStudioVersion = 10.0.40219.1
Project("{8BC9CEB8-8B4A-11D0-8D11-00A0C91BC942}") = "Exercise2", "Exercise2.vcxproj", "{118ED035-AAB1-4E01-A3CF-CBE7291521CB}"
EndProject
Global
	GlobalSection(SolutionConfigurationPlatforms) = preSolution
		Debug|x64 = Debug|x64
		Debug|x86 = Debug|x86
		Release|x64 = Release|x64
		Release|x86 = Release|x86
	EndGlobalSection
	GlobalSection(ProjectConfigurationPlatforms) = postSolution
		{118ED035-AAB1-4E01-A3CF-CBE7291521CB}.Debug|x64.ActiveCfg = Debug|x64
		{118ED035-AAB1-4E01-A3CF-CBE7291521CB}.Debug|x64.Build.0 = Debug|x64
		{118ED035-AAB1-4E01-A3CF-CBE7291521CB}.Debug|x86.ActiveCfg = Debug|Win32
		{118ED035-AAB1-4E01-A3CF-CBE7291521CB}.Debug|x86.Build.0 = Debug|Win32
		{118ED035-AAB1-4E01-A3CF-CBE7291521CB}.Release|x64.ActiveCfg = Release|x64
		{118ED035-AAB1-4E01-A3CF-CBE7291521CB}.Release|x64.Build.0 = Release|x64
		{118ED035-AAB1-4E01-A3CF-CBE7291521CB}.Release|x86.ActiveCfg = Release|Win32
		{118ED035-AAB1-4E01-A3CF-CBE7291521CB}.Release|x86.Build.0 = Release|Win32
	EndGlobalSection
	GlobalSection(SolutionProperties) = preSolution
		HideSolutionNode = FALSE
	EndGlobalSection
	GlobalSection(ExtensibilityGlobals) = postSolution
		SolutionGuid = {37848003-5AD4-479E-8157-BA50FCCAE006}
	EndGlobalSection
EndGlobal
